
Microsoft Visual Studio Solution File, Format Version 12.00
# Visual Studio 15
VisualStudioVersion = 15.0.28307.1169
MinimumVisualStudioVersion = 10.0.40219.1
Project("{9092AA53-FB77-4645-B42D-1CCCA6BD08BD}") = "poker", "poker.njsproj", "{DFF35402-E957-45F8-A626-681C75B892D6}"
EndProject
Global
	GlobalSection(SolutionConfigurationPlatforms) = preSolution
		Debug|Any CPU = Debug|Any CPU
		Release|Any CPU = Release|Any CPU
	EndGlobalSection
	GlobalSection(ProjectConfigurationPlatforms) = postSolution
		{DFF35402-E957-45F8-A626-681C75B892D6}.Debug|Any CPU.ActiveCfg = Debug|Any CPU
		{DFF35402-E957-45F8-A626-681C75B892D6}.Debug|Any CPU.Build.0 = Debug|Any CPU
		{DFF35402-E957-45F8-A626-681C75B892D6}.Release|Any CPU.ActiveCfg = Release|Any CPU
		{DFF35402-E957-45F8-A626-681C75B892D6}.Release|Any CPU.Build.0 = Release|Any CPU
	EndGlobalSection
	GlobalSection(SolutionProperties) = preSolution
		HideSolutionNode = FALSE
	EndGlobalSection
	GlobalSection(ExtensibilityGlobals) = postSolution
		SolutionGuid = {EF38C6EB-747D-4A77-A4D5-8FB8B76166DE}
	EndGlobalSection
EndGlobal
